
Microsoft Visual Studio Solution File, Format Version 12.00
# Visual Studio Version 17
VisualStudioVersion = 17.7.34031.279
MinimumVisualStudioVersion = 10.0.40219.1
Project("{888888A0-9F3D-457C-B088-3A5042F75D52}") = "Guessing Game", "Guessing Game.pyproj", "{8E71647A-0D03-43AE-8AA7-4C694E2453DB}"
EndProject
Global
	GlobalSection(SolutionConfigurationPlatforms) = preSolution
		Debug|Any CPU = Debug|Any CPU
		Release|Any CPU = Release|Any CPU
	EndGlobalSection
	GlobalSection(ProjectConfigurationPlatforms) = postSolution
		{8E71647A-0D03-43AE-8AA7-4C694E2453DB}.Debug|Any CPU.ActiveCfg = Debug|Any CPU
		{8E71647A-0D03-43AE-8AA7-4C694E2453DB}.Release|Any CPU.ActiveCfg = Release|Any CPU
	EndGlobalSection
	GlobalSection(SolutionProperties) = preSolution
		HideSolutionNode = FALSE
	EndGlobalSection
	GlobalSection(ExtensibilityGlobals) = postSolution
		SolutionGuid = {A9C8AEF0-6F8E-4EAE-A0FF-776D3F660ABE}
	EndGlobalSection
EndGlobal
